
Microsoft Visual Studio Solution File, Format Version 12.00
# Visual Studio Version 16
VisualStudioVersion = 16.0.31229.75
MinimumVisualStudioVersion = 10.0.40219.1
Project("{8BC9CEB8-8B4A-11D0-8D11-00A0C91BC942}") = "opencv_face_detection", "opencv_face_detection.vcxproj", "{3B9A6CE7-394C-45B1-B064-67D86764E6D0}"
EndProject
Global
	GlobalSection(SolutionConfigurationPlatforms) = preSolution
		Debug|x64 = Debug|x64
		Debug|x86 = Debug|x86
		Release|x64 = Release|x64
		Release|x86 = Release|x86
	EndGlobalSection
	GlobalSection(ProjectConfigurationPlatforms) = postSolution
		{3B9A6CE7-394C-45B1-B064-67D86764E6D0}.Debug|x64.ActiveCfg = Debug|x64
		{3B9A6CE7-394C-45B1-B064-67D86764E6D0}.Debug|x64.Build.0 = Debug|x64
		{3B9A6CE7-394C-45B1-B064-67D86764E6D0}.Debug|x86.ActiveCfg = Debug|Win32
		{3B9A6CE7-394C-45B1-B064-67D86764E6D0}.Debug|x86.Build.0 = Debug|Win32
		{3B9A6CE7-394C-45B1-B064-67D86764E6D0}.Release|x64.ActiveCfg = Release|x64
		{3B9A6CE7-394C-45B1-B064-67D86764E6D0}.Release|x64.Build.0 = Release|x64
		{3B9A6CE7-394C-45B1-B064-67D86764E6D0}.Release|x86.ActiveCfg = Release|Win32
		{3B9A6CE7-394C-45B1-B064-67D86764E6D0}.Release|x86.Build.0 = Release|Win32
	EndGlobalSection
	GlobalSection(SolutionProperties) = preSolution
		HideSolutionNode = FALSE
	EndGlobalSection
	GlobalSection(ExtensibilityGlobals) = postSolution
		SolutionGuid = {6B52A676-DA81-46EA-8A3B-BE472192283E}
	EndGlobalSection
EndGlobal
